
Microsoft Visual Studio Solution File, Format Version 12.00
# Visual Studio Version 16
VisualStudioVersion = 16.0.31829.152
MinimumVisualStudioVersion = 10.0.40219.1
Project("{2150E333-8FDC-42A3-9474-1A3956D46DE8}") = "Services", "Services", "{299798AE-3F2D-42D9-A3BB-D73AC763FE93}"
EndProject
Project("{2150E333-8FDC-42A3-9474-1A3956D46DE8}") = "Catalog", "Catalog", "{0E134871-DE01-413A-BB9D-B34B7AD80247}"
EndProject
Project("{9A19103F-16F7-4668-BE54-9A1E7A4F7556}") = "Catalog.API", "Services\Catalog\Catalog.API\Catalog.API.csproj", "{9BFD76F7-2602-44AA-9703-19986121B5C0}"
EndProject
Project("{E53339B2-1760-4266-BCC7-CA923CBCF16C}") = "docker-compose", "docker-compose.dcproj", "{9CDE989D-F7B5-4044-A5CC-F2C4B27BA6E4}"
EndProject
Project("{2150E333-8FDC-42A3-9474-1A3956D46DE8}") = "Basket", "Basket", "{E34B09F9-6CCD-403C-8AFA-9383A2BBACEA}"
EndProject
Project("{9A19103F-16F7-4668-BE54-9A1E7A4F7556}") = "Basket.API", "Services\Basket\Basket.API\Basket.API.csproj", "{B62C6135-6290-4203-B88C-F2B999A2715C}"
EndProject
Project("{2150E333-8FDC-42A3-9474-1A3956D46DE8}") = "Discount", "Discount", "{353D96F1-F660-432D-AB27-2235F4DD4311}"
EndProject
Project("{9A19103F-16F7-4668-BE54-9A1E7A4F7556}") = "Discount.API", "Services\Discount\Discount.API\Discount.API.csproj", "{0C440BE2-CB25-4D36-94FA-8674BCC201AA}"
EndProject
Project("{9A19103F-16F7-4668-BE54-9A1E7A4F7556}") = "Discount.Grpc", "Services\Discount\Discount.Grpc\Discount.Grpc.csproj", "{ABFD5212-2C34-4F8E-8469-F05A53DC2E13}"
EndProject
Project("{2150E333-8FDC-42A3-9474-1A3956D46DE8}") = "Ordering", "Ordering", "{96ECB658-F849-4D5A-946E-78903B1D0C24}"
EndProject
Project("{9A19103F-16F7-4668-BE54-9A1E7A4F7556}") = "Ordering.API", "Services\Ordering\Ordering.API\Ordering.API.csproj", "{4F1BD964-589F-4535-A2F4-262B9ABB5841}"
EndProject
Project("{9A19103F-16F7-4668-BE54-9A1E7A4F7556}") = "Ordering.Domain", "Services\Ordering\Ordering.Domain\Ordering.Domain.csproj", "{27A3F0CF-504F-45C4-A462-E6761E8EC06F}"
EndProject
Project("{9A19103F-16F7-4668-BE54-9A1E7A4F7556}") = "Ordering.Application", "Services\Ordering\Ordering.Application\Ordering.Application.csproj", "{633BBE73-CAB6-417B-879D-72E0CB33F702}"
EndProject
Project("{9A19103F-16F7-4668-BE54-9A1E7A4F7556}") = "Ordering.Infrastructure", "Services\Ordering\Ordering.Infrastructure\Ordering.Infrastructure.csproj", "{AEFB2153-47F4-4122-89B2-27F3E842B34F}"
EndProject
Project("{2150E333-8FDC-42A3-9474-1A3956D46DE8}") = "BuildingBlocks", "BuildingBlocks", "{7F7566B7-4301-4EFA-880E-F8A3B5A47CF1}"
EndProject
Project("{9A19103F-16F7-4668-BE54-9A1E7A4F7556}") = "EventBus.Messages", "BuildingBlocks\EventBus.Messages\EventBus.Messages.csproj", "{9B4A04DD-86FC-47AB-B011-6EE97D305C68}"
EndProject
Project("{2150E333-8FDC-42A3-9474-1A3956D46DE8}") = "ApiGateways", "ApiGateways", "{329EA70D-B7FD-4A41-8BC2-F4ACB559A00C}"
EndProject
Project("{9A19103F-16F7-4668-BE54-9A1E7A4F7556}") = "OcelotApiGw", "ApiGateways\OcelotApiGw\OcelotApiGw.csproj", "{12A4B8FD-A308-4983-AA6D-D5458AF3D308}"
EndProject
Project("{9A19103F-16F7-4668-BE54-9A1E7A4F7556}") = "Shopping.Aggregator", "ApiGateways\Shopping.Aggregator\Shopping.Aggregator.csproj", "{164F5448-2CEC-4932-A78A-70C9C14379B5}"
EndProject
Project("{2150E333-8FDC-42A3-9474-1A3956D46DE8}") = "WebApps", "WebApps", "{FF661019-EAAF-4758-911E-0770802A59F5}"
EndProject
Project("{9A19103F-16F7-4668-BE54-9A1E7A4F7556}") = "AspnetRunBasics", "WebApps\AspnetRunBasics\AspnetRunBasics.csproj", "{88E84B59-BB0F-42B0-9357-4DB7EEF269AC}"
EndProject
Global
	GlobalSection(SolutionConfigurationPlatforms) = preSolution
		Debug|Any CPU = Debug|Any CPU
		Release|Any CPU = Release|Any CPU
	EndGlobalSection
	GlobalSection(ProjectConfigurationPlatforms) = postSolution
		{9BFD76F7-2602-44AA-9703-19986121B5C0}.Debug|Any CPU.ActiveCfg = Debug|Any CPU
		{9BFD76F7-2602-44AA-9703-19986121B5C0}.Debug|Any CPU.Build.0 = Debug|Any CPU
		{9BFD76F7-2602-44AA-9703-19986121B5C0}.Release|Any CPU.ActiveCfg = Release|Any CPU
		{9BFD76F7-2602-44AA-9703-19986121B5C0}.Release|Any CPU.Build.0 = Release|Any CPU
		{9CDE989D-F7B5-4044-A5CC-F2C4B27BA6E4}.Debug|Any CPU.ActiveCfg = Debug|Any CPU
		{9CDE989D-F7B5-4044-A5CC-F2C4B27BA6E4}.Debug|Any CPU.Build.0 = Debug|Any CPU
		{9CDE989D-F7B5-4044-A5CC-F2C4B27BA6E4}.Release|Any CPU.ActiveCfg = Release|Any CPU
		{9CDE989D-F7B5-4044-A5CC-F2C4B27BA6E4}.Release|Any CPU.Build.0 = Release|Any CPU
		{B62C6135-6290-4203-B88C-F2B999A2715C}.Debug|Any CPU.ActiveCfg = Debug|Any CPU
		{B62C6135-6290-4203-B88C-F2B999A2715C}.Debug|Any CPU.Build.0 = Debug|Any CPU
		{B62C6135-6290-4203-B88C-F2B999A2715C}.Release|Any CPU.ActiveCfg = Release|Any CPU
		{B62C6135-6290-4203-B88C-F2B999A2715C}.Release|Any CPU.Build.0 = Release|Any CPU
		{0C440BE2-CB25-4D36-94FA-8674BCC201AA}.Debug|Any CPU.ActiveCfg = Debug|Any CPU
		{0C440BE2-CB25-4D36-94FA-8674BCC201AA}.Debug|Any CPU.Build.0 = Debug|Any CPU
		{0C440BE2-CB25-4D36-94FA-8674BCC201AA}.Release|Any CPU.ActiveCfg = Release|Any CPU
		{0C440BE2-CB25-4D36-94FA-8674BCC201AA}.Release|Any CPU.Build.0 = Release|Any CPU
		{ABFD5212-2C34-4F8E-8469-F05A53DC2E13}.Debug|Any CPU.ActiveCfg = Debug|Any CPU
		{ABFD5212-2C34-4F8E-8469-F05A53DC2E13}.Debug|Any CPU.Build.0 = Debug|Any CPU
		{ABFD5212-2C34-4F8E-8469-F05A53DC2E13}.Release|Any CPU.ActiveCfg = Release|Any CPU
		{ABFD5212-2C34-4F8E-8469-F05A53DC2E13}.Release|Any CPU.Build.0 = Release|Any CPU
		{4F1BD964-589F-4535-A2F4-262B9ABB5841}.Debug|Any CPU.ActiveCfg = Debug|Any CPU
		{4F1BD964-589F-4535-A2F4-262B9ABB5841}.Debug|Any CPU.Build.0 = Debug|Any CPU
		{4F1BD964-589F-4535-A2F4-262B9ABB5841}.Release|Any CPU.ActiveCfg = Release|Any CPU
		{4F1BD964-589F-4535-A2F4-262B9ABB5841}.Release|Any CPU.Build.0 = Release|Any CPU
		{27A3F0CF-504F-45C4-A462-E6761E8EC06F}.Debug|Any CPU.ActiveCfg = Debug|Any CPU
		{27A3F0CF-504F-45C4-A462-E6761E8EC06F}.Debug|Any CPU.Build.0 = Debug|Any CPU
		{27A3F0CF-504F-45C4-A462-E6761E8EC06F}.Release|Any CPU.ActiveCfg = Release|Any CPU
		{27A3F0CF-504F-45C4-A462-E6761E8EC06F}.Release|Any CPU.Build.0 = Release|Any CPU
		{633BBE73-CAB6-417B-879D-72E0CB33F702}.Debug|Any CPU.ActiveCfg = Debug|Any CPU
		{633BBE73-CAB6-417B-879D-72E0CB33F702}.Debug|Any CPU.Build.0 = Debug|Any CPU
		{633BBE73-CAB6-417B-879D-72E0CB33F702}.Release|Any CPU.ActiveCfg = Release|Any CPU
		{633BBE73-CAB6-417B-879D-72E0CB33F702}.Release|Any CPU.Build.0 = Release|Any CPU
		{AEFB2153-47F4-4122-89B2-27F3E842B34F}.Debug|Any CPU.ActiveCfg = Debug|Any CPU
		{AEFB2153-47F4-4122-89B2-27F3E842B34F}.Debug|Any CPU.Build.0 = Debug|Any CPU
		{AEFB2153-47F4-4122-89B2-27F3E842B34F}.Release|Any CPU.ActiveCfg = Release|Any CPU
		{AEFB2153-47F4-4122-89B2-27F3E842B34F}.Release|Any CPU.Build.0 = Release|Any CPU
		{9B4A04DD-86FC-47AB-B011-6EE97D305C68}.Debug|Any CPU.ActiveCfg = Debug|Any CPU
		{9B4A04DD-86FC-47AB-B011-6EE97D305C68}.Debug|Any CPU.Build.0 = Debug|Any CPU
		{9B4A04DD-86FC-47AB-B011-6EE97D305C68}.Release|Any CPU.ActiveCfg = Release|Any CPU
		{9B4A04DD-86FC-47AB-B011-6EE97D305C68}.Release|Any CPU.Build.0 = Release|Any CPU
		{12A4B8FD-A308-4983-AA6D-D5458AF3D308}.Debug|Any CPU.ActiveCfg = Debug|Any CPU
		{12A4B8FD-A308-4983-AA6D-D5458AF3D308}.Debug|Any CPU.Build.0 = Debug|Any CPU
		{12A4B8FD-A308-4983-AA6D-D5458AF3D308}.Release|Any CPU.ActiveCfg = Release|Any CPU
		{12A4B8FD-A308-4983-AA6D-D5458AF3D308}.Release|Any CPU.Build.0 = Release|Any CPU
		{164F5448-2CEC-4932-A78A-70C9C14379B5}.Debug|Any CPU.ActiveCfg = Debug|Any CPU
		{164F5448-2CEC-4932-A78A-70C9C14379B5}.Debug|Any CPU.Build.0 = Debug|Any CPU
		{164F5448-2CEC-4932-A78A-70C9C14379B5}.Release|Any CPU.ActiveCfg = Release|Any CPU
		{164F5448-2CEC-4932-A78A-70C9C14379B5}.Release|Any CPU.Build.0 = Release|Any CPU
		{88E84B59-BB0F-42B0-9357-4DB7EEF269AC}.Debug|Any CPU.ActiveCfg = Debug|Any CPU
		{88E84B59-BB0F-42B0-9357-4DB7EEF269AC}.Debug|Any CPU.Build.0 = Debug|Any CPU
		{88E84B59-BB0F-42B0-9357-4DB7EEF269AC}.Release|Any CPU.ActiveCfg = Release|Any CPU
		{88E84B59-BB0F-42B0-9357-4DB7EEF269AC}.Release|Any CPU.Build.0 = Release|Any CPU
	EndGlobalSection
	GlobalSection(SolutionProperties) = preSolution
		HideSolutionNode = FALSE
	EndGlobalSection
	GlobalSection(NestedProjects) = preSolution
		{0E134871-DE01-413A-BB9D-B34B7AD80247} = {299798AE-3F2D-42D9-A3BB-D73AC763FE93}
		{9BFD76F7-2602-44AA-9703-19986121B5C0} = {0E134871-DE01-413A-BB9D-B34B7AD80247}
		{E34B09F9-6CCD-403C-8AFA-9383A2BBACEA} = {299798AE-3F2D-42D9-A3BB-D73AC763FE93}
		{B62C6135-6290-4203-B88C-F2B999A2715C} = {E34B09F9-6CCD-403C-8AFA-9383A2BBACEA}
		{353D96F1-F660-432D-AB27-2235F4DD4311} = {299798AE-3F2D-42D9-A3BB-D73AC763FE93}
		{0C440BE2-CB25-4D36-94FA-8674BCC201AA} = {353D96F1-F660-432D-AB27-2235F4DD4311}
		{ABFD5212-2C34-4F8E-8469-F05A53DC2E13} = {353D96F1-F660-432D-AB27-2235F4DD4311}
		{96ECB658-F849-4D5A-946E-78903B1D0C24} = {299798AE-3F2D-42D9-A3BB-D73AC763FE93}
		{4F1BD964-589F-4535-A2F4-262B9ABB5841} = {96ECB658-F849-4D5A-946E-78903B1D0C24}
		{27A3F0CF-504F-45C4-A462-E6761E8EC06F} = {96ECB658-F849-4D5A-946E-78903B1D0C24}
		{633BBE73-CAB6-417B-879D-72E0CB33F702} = {96ECB658-F849-4D5A-946E-78903B1D0C24}
		{AEFB2153-47F4-4122-89B2-27F3E842B34F} = {96ECB658-F849-4D5A-946E-78903B1D0C24}
		{9B4A04DD-86FC-47AB-B011-6EE97D305C68} = {7F7566B7-4301-4EFA-880E-F8A3B5A47CF1}
		{12A4B8FD-A308-4983-AA6D-D5458AF3D308} = {329EA70D-B7FD-4A41-8BC2-F4ACB559A00C}
		{164F5448-2CEC-4932-A78A-70C9C14379B5} = {329EA70D-B7FD-4A41-8BC2-F4ACB559A00C}
		{88E84B59-BB0F-42B0-9357-4DB7EEF269AC} = {FF661019-EAAF-4758-911E-0770802A59F5}
	EndGlobalSection
	GlobalSection(ExtensibilityGlobals) = postSolution
		SolutionGuid = {735318E8-E80A-4929-909D-53DD82937D7A}
	EndGlobalSection
EndGlobal
